
Microsoft Visual Studio Solution File, Format Version 12.00
Project("{2150E333-8FDC-42A3-9474-1A3956D46DE8}") = "Services", "Services", "{F87ABC9C-579D-40A4-B0F7-C8B73D554009}"
EndProject
Project("{2150E333-8FDC-42A3-9474-1A3956D46DE8}") = "Catalog", "Catalog", "{AF5553EF-D9A2-400A-BE9B-AD1FB40A8777}"
EndProject
Project("{2150E333-8FDC-42A3-9474-1A3956D46DE8}") = "Ordering", "Ordering", "{A5F68E23-9EDD-4F2F-B345-7F62CAEB658C}"
EndProject
Project("{2150E333-8FDC-42A3-9474-1A3956D46DE8}") = "Basket", "Basket", "{7AE50A41-1ED0-40D9-95B1-034DF53C7374}"
EndProject
Project("{2150E333-8FDC-42A3-9474-1A3956D46DE8}") = "Discount", "Discount", "{EFD3D693-0EBD-44E6-91DC-8349C7BA53E9}"
EndProject
Project("{FAE04EC0-301F-11D3-BF4B-00C04F79EFBC}") = "Catalog.Core", "Services\Catalog\Catalog.Core\Catalog.Core.csproj", "{AA9C5F16-DA0C-4E32-A2EA-1776D0CE005A}"
EndProject
Project("{FAE04EC0-301F-11D3-BF4B-00C04F79EFBC}") = "Catalog.Application", "Services\Catalog\Catalog.Application\Catalog.Application.csproj", "{09E38551-07F8-4E05-9898-6E87BD2EFF01}"
EndProject
Project("{FAE04EC0-301F-11D3-BF4B-00C04F79EFBC}") = "Catalog.Infrastructure", "Services\Catalog\Catalog.Infrastructure\Catalog.Infrastructure.csproj", "{C81F5C21-486B-4B5F-9385-DF38ACDB0011}"
EndProject
Project("{FAE04EC0-301F-11D3-BF4B-00C04F79EFBC}") = "Catalog.Api", "Services\Catalog\Catalog.Api\Catalog.Api.csproj", "{4AA4038A-9086-46F9-B58B-1C406C37CC0D}"
EndProject
Project("{2150E333-8FDC-42A3-9474-1A3956D46DE8}") = "Solution Items", "Solution Items", "{655A2226-A056-4FAD-AEE1-BCCED6B6A2F3}"
	ProjectSection(SolutionItems) = preProject
		compose.yaml = compose.yaml
	EndProjectSection
EndProject
Project("{FAE04EC0-301F-11D3-BF4B-00C04F79EFBC}") = "Basket.Core", "Services\Basket\Basket.Core\Basket.Core.csproj", "{8287F200-BA55-4DCE-9D90-7FD5B1E3AA5A}"
EndProject
Project("{FAE04EC0-301F-11D3-BF4B-00C04F79EFBC}") = "Basket.Application", "Services\Basket\Basket.Application\Basket.Application.csproj", "{91BB6BFE-8391-426C-88F9-218E692E08B2}"
EndProject
Project("{FAE04EC0-301F-11D3-BF4B-00C04F79EFBC}") = "Basket.Infrastructure", "Services\Basket\Basket.Infrastructure\Basket.Infrastructure.csproj", "{A2ACC018-CDDD-43F8-8314-B13764A79A4E}"
EndProject
Project("{FAE04EC0-301F-11D3-BF4B-00C04F79EFBC}") = "Basket.Api", "Services\Basket\Basket.Api\Basket.Api.csproj", "{53699B8B-158F-435B-AA91-C80B6C60953B}"
EndProject
Global
	GlobalSection(SolutionConfigurationPlatforms) = preSolution
		Debug|Any CPU = Debug|Any CPU
		Release|Any CPU = Release|Any CPU
	EndGlobalSection
	GlobalSection(ProjectConfigurationPlatforms) = postSolution
		{AA9C5F16-DA0C-4E32-A2EA-1776D0CE005A}.Debug|Any CPU.ActiveCfg = Debug|Any CPU
		{AA9C5F16-DA0C-4E32-A2EA-1776D0CE005A}.Debug|Any CPU.Build.0 = Debug|Any CPU
		{AA9C5F16-DA0C-4E32-A2EA-1776D0CE005A}.Release|Any CPU.ActiveCfg = Release|Any CPU
		{AA9C5F16-DA0C-4E32-A2EA-1776D0CE005A}.Release|Any CPU.Build.0 = Release|Any CPU
		{09E38551-07F8-4E05-9898-6E87BD2EFF01}.Debug|Any CPU.ActiveCfg = Debug|Any CPU
		{09E38551-07F8-4E05-9898-6E87BD2EFF01}.Debug|Any CPU.Build.0 = Debug|Any CPU
		{09E38551-07F8-4E05-9898-6E87BD2EFF01}.Release|Any CPU.ActiveCfg = Release|Any CPU
		{09E38551-07F8-4E05-9898-6E87BD2EFF01}.Release|Any CPU.Build.0 = Release|Any CPU
		{C81F5C21-486B-4B5F-9385-DF38ACDB0011}.Debug|Any CPU.ActiveCfg = Debug|Any CPU
		{C81F5C21-486B-4B5F-9385-DF38ACDB0011}.Debug|Any CPU.Build.0 = Debug|Any CPU
		{C81F5C21-486B-4B5F-9385-DF38ACDB0011}.Release|Any CPU.ActiveCfg = Release|Any CPU
		{C81F5C21-486B-4B5F-9385-DF38ACDB0011}.Release|Any CPU.Build.0 = Release|Any CPU
		{4AA4038A-9086-46F9-B58B-1C406C37CC0D}.Debug|Any CPU.ActiveCfg = Debug|Any CPU
		{4AA4038A-9086-46F9-B58B-1C406C37CC0D}.Debug|Any CPU.Build.0 = Debug|Any CPU
		{4AA4038A-9086-46F9-B58B-1C406C37CC0D}.Release|Any CPU.ActiveCfg = Release|Any CPU
		{4AA4038A-9086-46F9-B58B-1C406C37CC0D}.Release|Any CPU.Build.0 = Release|Any CPU
		{8287F200-BA55-4DCE-9D90-7FD5B1E3AA5A}.Debug|Any CPU.ActiveCfg = Debug|Any CPU
		{8287F200-BA55-4DCE-9D90-7FD5B1E3AA5A}.Debug|Any CPU.Build.0 = Debug|Any CPU
		{8287F200-BA55-4DCE-9D90-7FD5B1E3AA5A}.Release|Any CPU.ActiveCfg = Release|Any CPU
		{8287F200-BA55-4DCE-9D90-7FD5B1E3AA5A}.Release|Any CPU.Build.0 = Release|Any CPU
		{91BB6BFE-8391-426C-88F9-218E692E08B2}.Debug|Any CPU.ActiveCfg = Debug|Any CPU
		{91BB6BFE-8391-426C-88F9-218E692E08B2}.Debug|Any CPU.Build.0 = Debug|Any CPU
		{91BB6BFE-8391-426C-88F9-218E692E08B2}.Release|Any CPU.ActiveCfg = Release|Any CPU
		{91BB6BFE-8391-426C-88F9-218E692E08B2}.Release|Any CPU.Build.0 = Release|Any CPU
		{A2ACC018-CDDD-43F8-8314-B13764A79A4E}.Debug|Any CPU.ActiveCfg = Debug|Any CPU
		{A2ACC018-CDDD-43F8-8314-B13764A79A4E}.Debug|Any CPU.Build.0 = Debug|Any CPU
		{A2ACC018-CDDD-43F8-8314-B13764A79A4E}.Release|Any CPU.ActiveCfg = Release|Any CPU
		{A2ACC018-CDDD-43F8-8314-B13764A79A4E}.Release|Any CPU.Build.0 = Release|Any CPU
		{53699B8B-158F-435B-AA91-C80B6C60953B}.Debug|Any CPU.ActiveCfg = Debug|Any CPU
		{53699B8B-158F-435B-AA91-C80B6C60953B}.Debug|Any CPU.Build.0 = Debug|Any CPU
		{53699B8B-158F-435B-AA91-C80B6C60953B}.Release|Any CPU.ActiveCfg = Release|Any CPU
		{53699B8B-158F-435B-AA91-C80B6C60953B}.Release|Any CPU.Build.0 = Release|Any CPU
	EndGlobalSection
	GlobalSection(NestedProjects) = preSolution
		{AF5553EF-D9A2-400A-BE9B-AD1FB40A8777} = {F87ABC9C-579D-40A4-B0F7-C8B73D554009}
		{A5F68E23-9EDD-4F2F-B345-7F62CAEB658C} = {F87ABC9C-579D-40A4-B0F7-C8B73D554009}
		{7AE50A41-1ED0-40D9-95B1-034DF53C7374} = {F87ABC9C-579D-40A4-B0F7-C8B73D554009}
		{EFD3D693-0EBD-44E6-91DC-8349C7BA53E9} = {F87ABC9C-579D-40A4-B0F7-C8B73D554009}
		{AA9C5F16-DA0C-4E32-A2EA-1776D0CE005A} = {AF5553EF-D9A2-400A-BE9B-AD1FB40A8777}
		{09E38551-07F8-4E05-9898-6E87BD2EFF01} = {AF5553EF-D9A2-400A-BE9B-AD1FB40A8777}
		{C81F5C21-486B-4B5F-9385-DF38ACDB0011} = {AF5553EF-D9A2-400A-BE9B-AD1FB40A8777}
		{4AA4038A-9086-46F9-B58B-1C406C37CC0D} = {AF5553EF-D9A2-400A-BE9B-AD1FB40A8777}
		{8287F200-BA55-4DCE-9D90-7FD5B1E3AA5A} = {7AE50A41-1ED0-40D9-95B1-034DF53C7374}
		{91BB6BFE-8391-426C-88F9-218E692E08B2} = {7AE50A41-1ED0-40D9-95B1-034DF53C7374}
		{A2ACC018-CDDD-43F8-8314-B13764A79A4E} = {7AE50A41-1ED0-40D9-95B1-034DF53C7374}
		{53699B8B-158F-435B-AA91-C80B6C60953B} = {7AE50A41-1ED0-40D9-95B1-034DF53C7374}
	EndGlobalSection
EndGlobal
